
Microsoft Visual Studio Solution File, Format Version 10.00
# Visual Studio 2008
Project("{FAE04EC0-301F-11D3-BF4B-00C04F79EFBC}") = "DMBackUp", "DMBackUp.csproj", "{279408B0-3BF9-45D6-A3B0-182CAF6FE2E1}"
	ProjectSection(ProjectDependencies) = postProject
		{839E95B8-DEFC-4B49-BD6B-E21B28D1ADDA} = {839E95B8-DEFC-4B49-BD6B-E21B28D1ADDA}
	EndProjectSection
EndProject
Project("{FAE04EC0-301F-11D3-BF4B-00C04F79EFBC}") = "VengSoft.DailyMileAPIWrapper", "..\VengSoft.DailyMileAPIWrapper\VengSoft.DailyMileAPIWrapper.csproj", "{839E95B8-DEFC-4B49-BD6B-E21B28D1ADDA}"
EndProject
Global
	GlobalSection(SolutionConfigurationPlatforms) = preSolution
		Debug|Any CPU = Debug|Any CPU
		Release|Any CPU = Release|Any CPU
	EndGlobalSection
	GlobalSection(ProjectConfigurationPlatforms) = postSolution
		{279408B0-3BF9-45D6-A3B0-182CAF6FE2E1}.Debug|Any CPU.ActiveCfg = Debug|Any CPU
		{279408B0-3BF9-45D6-A3B0-182CAF6FE2E1}.Debug|Any CPU.Build.0 = Debug|Any CPU
		{279408B0-3BF9-45D6-A3B0-182CAF6FE2E1}.Release|Any CPU.ActiveCfg = Release|Any CPU
		{279408B0-3BF9-45D6-A3B0-182CAF6FE2E1}.Release|Any CPU.Build.0 = Release|Any CPU
		{839E95B8-DEFC-4B49-BD6B-E21B28D1ADDA}.Debug|Any CPU.ActiveCfg = Debug|Any CPU
		{839E95B8-DEFC-4B49-BD6B-E21B28D1ADDA}.Debug|Any CPU.Build.0 = Debug|Any CPU
		{839E95B8-DEFC-4B49-BD6B-E21B28D1ADDA}.Release|Any CPU.ActiveCfg = Release|Any CPU
		{839E95B8-DEFC-4B49-BD6B-E21B28D1ADDA}.Release|Any CPU.Build.0 = Release|Any CPU
	EndGlobalSection
	GlobalSection(SolutionProperties) = preSolution
		HideSolutionNode = FALSE
	EndGlobalSection
EndGlobal
